
Microsoft Visual Studio Solution File, Format Version 12.00
# Visual Studio Version 17
VisualStudioVersion = 17.4.33213.308
MinimumVisualStudioVersion = 10.0.40219.1
Project("{FAE04EC0-301F-11D3-BF4B-00C04F79EFBC}") = "modul3_1302213102", "modul3_1302213102\modul3_1302213102.csproj", "{C1F321F8-5204-4D82-ADB6-14F40F4220C6}"
EndProject
Global
	GlobalSection(SolutionConfigurationPlatforms) = preSolution
		Debug|Any CPU = Debug|Any CPU
		Release|Any CPU = Release|Any CPU
	EndGlobalSection
	GlobalSection(ProjectConfigurationPlatforms) = postSolution
		{C1F321F8-5204-4D82-ADB6-14F40F4220C6}.Debug|Any CPU.ActiveCfg = Debug|Any CPU
		{C1F321F8-5204-4D82-ADB6-14F40F4220C6}.Debug|Any CPU.Build.0 = Debug|Any CPU
		{C1F321F8-5204-4D82-ADB6-14F40F4220C6}.Release|Any CPU.ActiveCfg = Release|Any CPU
		{C1F321F8-5204-4D82-ADB6-14F40F4220C6}.Release|Any CPU.Build.0 = Release|Any CPU
	EndGlobalSection
	GlobalSection(SolutionProperties) = preSolution
		HideSolutionNode = FALSE
	EndGlobalSection
	GlobalSection(ExtensibilityGlobals) = postSolution
		SolutionGuid = {38663B7D-A713-4DE5-9D13-CE7AE37B289B}
	EndGlobalSection
EndGlobal
